
Microsoft Visual Studio Solution File, Format Version 12.00
# Visual Studio Version 16
VisualStudioVersion = 16.0.32602.291
MinimumVisualStudioVersion = 10.0.40219.1
Project("{FAE04EC0-301F-11D3-BF4B-00C04F79EFBC}") = "Simple_Monogame", "Simple_Monogame\Simple_Monogame.csproj", "{629D6AA6-B40F-4F36-B55F-8CC19F21E2D2}"
EndProject
Global
	GlobalSection(SolutionConfigurationPlatforms) = preSolution
		Debug|Any CPU = Debug|Any CPU
		Release|Any CPU = Release|Any CPU
	EndGlobalSection
	GlobalSection(ProjectConfigurationPlatforms) = postSolution
		{629D6AA6-B40F-4F36-B55F-8CC19F21E2D2}.Debug|Any CPU.ActiveCfg = Debug|Any CPU
		{629D6AA6-B40F-4F36-B55F-8CC19F21E2D2}.Debug|Any CPU.Build.0 = Debug|Any CPU
		{629D6AA6-B40F-4F36-B55F-8CC19F21E2D2}.Release|Any CPU.ActiveCfg = Release|Any CPU
		{629D6AA6-B40F-4F36-B55F-8CC19F21E2D2}.Release|Any CPU.Build.0 = Release|Any CPU
	EndGlobalSection
	GlobalSection(SolutionProperties) = preSolution
		HideSolutionNode = FALSE
	EndGlobalSection
	GlobalSection(ExtensibilityGlobals) = postSolution
		SolutionGuid = {887599C6-9C83-4E69-BCCF-C20BB7021A3E}
	EndGlobalSection
EndGlobal
